name: Regenerate lock
on:
  workflow_dispatch:

jobs:
  generate:
    name: Generate Linux lockfile
    runs-on: ubuntu-latest
    steps:
      - name: Checkout
        uses: actions/checkout@v4

      - name: Setup Node
        uses: actions/setup-node@v4
        with:
          node-version: 22

      - name: Regenerate lockfile on Linux
        run: |
          rm -f package-lock.json
          npm install --no-audit --no-fund

      - name: Upload lockfile
        uses: actions/upload-artifact@v4
        with:
          name: package-lock
          path: package-lock.json